
Microsoft Visual Studio Solution File, Format Version 12.00
# Visual Studio Version 17
VisualStudioVersion = 17.13.35507.96 d17.13
MinimumVisualStudioVersion = 10.0.40219.1
Project("{FAE04EC0-301F-11D3-BF4B-00C04F79EFBC}") = "lengocsiliem_2122110324", "lengocsiliem_2122110324\lengocsiliem_2122110324.csproj", "{0196E5B1-19F8-45A7-B673-85692EC778A4}"
EndProject
Global
	GlobalSection(SolutionConfigurationPlatforms) = preSolution
		Debug|Any CPU = Debug|Any CPU
		Release|Any CPU = Release|Any CPU
	EndGlobalSection
	GlobalSection(ProjectConfigurationPlatforms) = postSolution
		{0196E5B1-19F8-45A7-B673-85692EC778A4}.Debug|Any CPU.ActiveCfg = Debug|Any CPU
		{0196E5B1-19F8-45A7-B673-85692EC778A4}.Debug|Any CPU.Build.0 = Debug|Any CPU
		{0196E5B1-19F8-45A7-B673-85692EC778A4}.Release|Any CPU.ActiveCfg = Release|Any CPU
		{0196E5B1-19F8-45A7-B673-85692EC778A4}.Release|Any CPU.Build.0 = Release|Any CPU
	EndGlobalSection
	GlobalSection(SolutionProperties) = preSolution
		HideSolutionNode = FALSE
	EndGlobalSection
	GlobalSection(ExtensibilityGlobals) = postSolution
		SolutionGuid = {5E29D1E3-5230-487E-ACDE-CCF55B848A18}
	EndGlobalSection
EndGlobal
